{
  "name": "2025-pos-05-react-tailwind",
  "lockfileVersion": 3,
  "requires": true,
  "packages": {
    "": {
      "dependencies": {
        "lucide": "^0.515.0"
      }
    },
    "node_modules/lucide": {
      "version": "0.515.0",
      "resolved": "https://registry.npmjs.org/lucide/-/lucide-0.515.0.tgz",
      "integrity": "sha512-n7tFK3R1HdsxwM5rMOa6twAi/4RGZCysc7dmk7Cr2GiOUcnHX0+MX9xw3xynpbekXCgS4+o9HeIWhBl3rZHIAA==",
      "license": "ISC"
    }
  }
}
